
Microsoft Visual Studio Solution File, Format Version 12.00
# Visual Studio Version 17
VisualStudioVersion = 17.14.36202.13 d17.14
MinimumVisualStudioVersion = 10.0.40219.1
Project("{FAE04EC0-301F-11D3-BF4B-00C04F79EFBC}") = "Among Us_ModManeger", "Among Us_ModManeger\Among Us_ModManeger.csproj", "{4E4867C4-B27D-4B1F-8546-F058DAFFB51E}"
EndProject
Global
	GlobalSection(SolutionConfigurationPlatforms) = preSolution
		Debug|Any CPU = Debug|Any CPU
		Release|Any CPU = Release|Any CPU
	EndGlobalSection
	GlobalSection(ProjectConfigurationPlatforms) = postSolution
		{4E4867C4-B27D-4B1F-8546-F058DAFFB51E}.Debug|Any CPU.ActiveCfg = Debug|Any CPU
		{4E4867C4-B27D-4B1F-8546-F058DAFFB51E}.Debug|Any CPU.Build.0 = Debug|Any CPU
		{4E4867C4-B27D-4B1F-8546-F058DAFFB51E}.Release|Any CPU.ActiveCfg = Release|Any CPU
		{4E4867C4-B27D-4B1F-8546-F058DAFFB51E}.Release|Any CPU.Build.0 = Release|Any CPU
	EndGlobalSection
	GlobalSection(SolutionProperties) = preSolution
		HideSolutionNode = FALSE
	EndGlobalSection
	GlobalSection(ExtensibilityGlobals) = postSolution
		SolutionGuid = {BDD5AB1D-2189-450C-A904-696D38A32652}
	EndGlobalSection
EndGlobal
