Microsoft Visual Studio Solution File, Format Version 12.00
# Visual Studio Version 17
VisualStudioVersion = 17.14.36202.13 d17.14
MinimumVisualStudioVersion = 10.0.40219.1

Project("{FAE04EC0-301F-11D3-BF4B-00C04F79EFBC}") = "Among Us_ModManager_Updater", "Among Us_ModManager_Updater\Among Us_ModManager_Updater.csproj", "{7A8923F4-1234-4321-9ABC-0123456789AB}"
EndProject

Global
	GlobalSection(SolutionConfigurationPlatforms) = preSolution
		Debug|Any CPU = Debug|Any CPU
		Release|Any CPU = Release|Any CPU
	EndGlobalSection

	GlobalSection(ProjectConfigurationPlatforms) = postSolution
		{7A8923F4-1234-4321-9ABC-0123456789AB}.Debug|Any CPU.ActiveCfg = Debug|Any CPU
		{7A8923F4-1234-4321-9ABC-0123456789AB}.Debug|Any CPU.Build.0 = Debug|Any CPU
		{7A8923F4-1234-4321-9ABC-0123456789AB}.Release|Any CPU.ActiveCfg = Release|Any CPU
		{7A8923F4-1234-4321-9ABC-0123456789AB}.Release|Any CPU.Build.0 = Release|Any CPU
	EndGlobalSection

	GlobalSection(SolutionProperties) = preSolution
		HideSolutionNode = FALSE
	EndGlobalSection

	GlobalSection(ExtensibilityGlobals) = postSolution
		SolutionGuid = {CCF5D38B-1212-4DD2-A10F-111122223333}
	EndGlobalSection
EndGlobal
